<?xml version="1.0" encoding="utf-8"?>
<Project ToolsVersion="4.0" xmlns="http://schemas.microsoft.com/developer/msbuild/2003">
  <ItemGroup>
    <Filter Include="Source Files">
      <UniqueIdentifier>{4FC737F1-C7A5-4376-A066-2A32D752A2FF}</UniqueIdentifier>
      <Extensions>cpp;c;cc;cxx;def;odl;idl;hpj;bat;asm;asmx</Extensions>
    </Filter>
    <Filter Include="Header Files">
      <UniqueIdentifier>{93995380-89BD-4b04-88EB-625FBE52EBFB}</UniqueIdentifier>
      <Extensions>h;hh;hpp;hxx;hm;inl;inc;xsd</Extensions>
    </Filter>
    <Filter Include="Header Files\als">
      <UniqueIdentifier>{e6de0e7e-411f-4d3d-aa7e-a83d6c80437a}</UniqueIdentifier>
    </Filter>
    <Filter Include="Meek Examples">
      <UniqueIdentifier>{9d904bfd-0d40-490a-97a5-1b266d72f071}</UniqueIdentifier>
    </Filter>
    <Filter Include="Misc">
      <UniqueIdentifier>{b566970c-d994-4ed1-a1bf-8bd1eea4f67a}</UniqueIdentifier>
    </Filter>
  </ItemGroup>
  <ItemGroup>
    <ClInclude Include="src\als\als.h">
      <Filter>Header Files\als</Filter>
    </ClInclude>
    <ClInclude Include="src\als\common.h">
      <Filter>Header Files\als</Filter>
    </ClInclude>
    <ClInclude Include="src\als\common_alloc.h">
      <Filter>Header Files\als</Filter>
    </ClInclude>
    <ClInclude Include="src\als\common_array.h">
      <Filter>Header Files\als</Filter>
    </ClInclude>
    <ClInclude Include="src\als\common_type.h">
      <Filter>Header Files\als</Filter>
    </ClInclude>
    <ClInclude Include="src\als\macro.h">
      <Filter>Header Files\als</Filter>
    </ClInclude>
    <ClInclude Include="src\als\macro_assert.h">
      <Filter>Header Files\als</Filter>
    </ClInclude>
    <ClInclude Include="src\als\macro_defer.h">
      <Filter>Header Files\als</Filter>
    </ClInclude>
    <ClInclude Include="src\als\macro_mem.h">
      <Filter>Header Files\als</Filter>
    </ClInclude>
    <ClInclude Include="src\ast.h">
      <Filter>Header Files</Filter>
    </ClInclude>
    <ClInclude Include="src\parse.h">
      <Filter>Header Files</Filter>
    </ClInclude>
    <ClInclude Include="src\scan.h">
      <Filter>Header Files</Filter>
    </ClInclude>
    <ClInclude Include="src\token.h">
      <Filter>Header Files</Filter>
    </ClInclude>
    <ClInclude Include="src\als\macro_flags.h">
      <Filter>Header Files\als</Filter>
    </ClInclude>
    <ClInclude Include="src\als\common_string.h">
      <Filter>Header Files\als</Filter>
    </ClInclude>
    <ClInclude Include="src\type.h">
      <Filter>Header Files</Filter>
    </ClInclude>
    <ClInclude Include="src\als\common_hash.h">
      <Filter>Header Files\als</Filter>
    </ClInclude>
    <ClInclude Include="src\symbol.h">
      <Filter>Header Files</Filter>
    </ClInclude>
    <ClInclude Include="src\error.h">
      <Filter>Header Files</Filter>
    </ClInclude>
    <ClInclude Include="src\ast_print.h">
      <Filter>Header Files</Filter>
    </ClInclude>
    <ClInclude Include="src\id_def.h">
      <Filter>Header Files</Filter>
    </ClInclude>
    <ClInclude Include="src\literal.h">
      <Filter>Header Files</Filter>
    </ClInclude>
    <ClInclude Include="src\ast_decorate.h">
      <Filter>Header Files</Filter>
    </ClInclude>
    <ClInclude Include="src\als\macro_util.h">
      <Filter>Header Files\als</Filter>
    </ClInclude>
    <ClInclude Include="src\print.h">
      <Filter>Header Files</Filter>
    </ClInclude>
    <ClInclude Include="src\resolve.h">
      <Filter>Header Files</Filter>
    </ClInclude>
    <ClInclude Include="src\bytecode.h">
      <Filter>Header Files</Filter>
    </ClInclude>
    <ClInclude Include="src\interp.h">
      <Filter>Header Files</Filter>
    </ClInclude>
    <ClInclude Include="src\global_context.h">
      <Filter>Header Files</Filter>
    </ClInclude>
  </ItemGroup>
  <ItemGroup>
    <ClCompile Include="src\ast.cpp">
      <Filter>Source Files</Filter>
    </ClCompile>
    <ClCompile Include="src\main.cpp">
      <Filter>Source Files</Filter>
    </ClCompile>
    <ClCompile Include="src\parse.cpp">
      <Filter>Source Files</Filter>
    </ClCompile>
    <ClCompile Include="src\scan.cpp">
      <Filter>Source Files</Filter>
    </ClCompile>
    <ClCompile Include="src\token.cpp">
      <Filter>Source Files</Filter>
    </ClCompile>
    <ClCompile Include="src\type.cpp">
      <Filter>Source Files</Filter>
    </ClCompile>
    <ClCompile Include="src\symbol.cpp">
      <Filter>Source Files</Filter>
    </ClCompile>
    <ClCompile Include="src\ast_print.cpp">
      <Filter>Source Files</Filter>
    </ClCompile>
    <ClCompile Include="src\literal.cpp">
      <Filter>Source Files</Filter>
    </ClCompile>
    <ClCompile Include="src\error.cpp">
      <Filter>Source Files</Filter>
    </ClCompile>
    <ClCompile Include="src\print.cpp">
      <Filter>Source Files</Filter>
    </ClCompile>
    <ClCompile Include="src\resolve.cpp">
      <Filter>Source Files</Filter>
    </ClCompile>
    <ClCompile Include="src\bytecode.cpp">
      <Filter>Source Files</Filter>
    </ClCompile>
    <ClCompile Include="src\interp.cpp">
      <Filter>Source Files</Filter>
    </ClCompile>
    <ClCompile Include="src\global_context.cpp">
      <Filter>Source Files</Filter>
    </ClCompile>
    <ClCompile Include="src\ast_decorate.cpp">
      <Filter>Source Files</Filter>
    </ClCompile>
  </ItemGroup>
  <ItemGroup>
    <None Include="examples\test.meek">
      <Filter>Meek Examples</Filter>
    </None>
    <None Include="cpp.hint">
      <Filter>Misc</Filter>
    </None>
  </ItemGroup>
</Project>